
Microsoft Visual Studio Solution File, Format Version 12.00
# Visual Studio 14
VisualStudioVersion = 14.0.25420.1
MinimumVisualStudioVersion = 10.0.40219.1
Project("{8BC9CEB8-8B4A-11D0-8D11-00A0C91BC942}") = "Framework", "Framework\Framework.vcxproj", "{A8FE461F-0EE5-4ED6-B073-C257FDAD2F1C}"
EndProject
Project("{8BC9CEB8-8B4A-11D0-8D11-00A0C91BC942}") = "libprotobuf", "libprotobuf\libprotobuf.vcxproj", "{97B4FE48-8FE4-4EF2-9A9C-9ACF292BEE2E}"
EndProject
Project("{8BC9CEB8-8B4A-11D0-8D11-00A0C91BC942}") = "ServerCommon", "ServerCommon\ServerCommon.vcxproj", "{C98EA523-DFD4-404F-9EAE-F1811795A560}"
	ProjectSection(ProjectDependencies) = postProject
		{A8FE461F-0EE5-4ED6-B073-C257FDAD2F1C} = {A8FE461F-0EE5-4ED6-B073-C257FDAD2F1C}
	EndProjectSection
EndProject
Project("{8BC9CEB8-8B4A-11D0-8D11-00A0C91BC942}") = "MFCCommon", "MFCCommon\MFCCommon.vcxproj", "{6B37DBC5-0BE6-4241-93D2-C7BD513111C8}"
EndProject
Project("{8BC9CEB8-8B4A-11D0-8D11-00A0C91BC942}") = "ServerTool", "ServerTool\ServerTool.vcxproj", "{8B796E81-9FA7-4633-B10E-483FF654308D}"
	ProjectSection(ProjectDependencies) = postProject
		{A8FE461F-0EE5-4ED6-B073-C257FDAD2F1C} = {A8FE461F-0EE5-4ED6-B073-C257FDAD2F1C}
		{C98EA523-DFD4-404F-9EAE-F1811795A560} = {C98EA523-DFD4-404F-9EAE-F1811795A560}
		{97B4FE48-8FE4-4EF2-9A9C-9ACF292BEE2E} = {97B4FE48-8FE4-4EF2-9A9C-9ACF292BEE2E}
		{6B37DBC5-0BE6-4241-93D2-C7BD513111C8} = {6B37DBC5-0BE6-4241-93D2-C7BD513111C8}
	EndProjectSection
EndProject
Project("{8BC9CEB8-8B4A-11D0-8D11-00A0C91BC942}") = "ProbeTool", "ProbeTool\ProbeTool.vcxproj", "{5402D133-CFBC-40C6-BB7A-8B04756F6E54}"
	ProjectSection(ProjectDependencies) = postProject
		{A8FE461F-0EE5-4ED6-B073-C257FDAD2F1C} = {A8FE461F-0EE5-4ED6-B073-C257FDAD2F1C}
		{C98EA523-DFD4-404F-9EAE-F1811795A560} = {C98EA523-DFD4-404F-9EAE-F1811795A560}
		{97B4FE48-8FE4-4EF2-9A9C-9ACF292BEE2E} = {97B4FE48-8FE4-4EF2-9A9C-9ACF292BEE2E}
	EndProjectSection
EndProject
Project("{8BC9CEB8-8B4A-11D0-8D11-00A0C91BC942}") = "LobbyServer", "LobbyServer\LobbyServer.vcxproj", "{543056D4-8C55-419F-A763-6311F25BFC06}"
	ProjectSection(ProjectDependencies) = postProject
		{A8FE461F-0EE5-4ED6-B073-C257FDAD2F1C} = {A8FE461F-0EE5-4ED6-B073-C257FDAD2F1C}
		{C98EA523-DFD4-404F-9EAE-F1811795A560} = {C98EA523-DFD4-404F-9EAE-F1811795A560}
		{97B4FE48-8FE4-4EF2-9A9C-9ACF292BEE2E} = {97B4FE48-8FE4-4EF2-9A9C-9ACF292BEE2E}
		{6B37DBC5-0BE6-4241-93D2-C7BD513111C8} = {6B37DBC5-0BE6-4241-93D2-C7BD513111C8}
	EndProjectSection
EndProject
Project("{8BC9CEB8-8B4A-11D0-8D11-00A0C91BC942}") = "LogicalServer", "LogicalServer\LogicalServer.vcxproj", "{F0694422-6156-4488-A94D-13DBEFD1FCF6}"
	ProjectSection(ProjectDependencies) = postProject
		{A8FE461F-0EE5-4ED6-B073-C257FDAD2F1C} = {A8FE461F-0EE5-4ED6-B073-C257FDAD2F1C}
		{C98EA523-DFD4-404F-9EAE-F1811795A560} = {C98EA523-DFD4-404F-9EAE-F1811795A560}
		{97B4FE48-8FE4-4EF2-9A9C-9ACF292BEE2E} = {97B4FE48-8FE4-4EF2-9A9C-9ACF292BEE2E}
		{6B37DBC5-0BE6-4241-93D2-C7BD513111C8} = {6B37DBC5-0BE6-4241-93D2-C7BD513111C8}
	EndProjectSection
EndProject
Project("{8BC9CEB8-8B4A-11D0-8D11-00A0C91BC942}") = "CenterServer", "CenterServer\CenterServer.vcxproj", "{6B6DA435-25B5-4202-9506-DA93774D9DCA}"
	ProjectSection(ProjectDependencies) = postProject
		{A8FE461F-0EE5-4ED6-B073-C257FDAD2F1C} = {A8FE461F-0EE5-4ED6-B073-C257FDAD2F1C}
		{C98EA523-DFD4-404F-9EAE-F1811795A560} = {C98EA523-DFD4-404F-9EAE-F1811795A560}
		{97B4FE48-8FE4-4EF2-9A9C-9ACF292BEE2E} = {97B4FE48-8FE4-4EF2-9A9C-9ACF292BEE2E}
		{6B37DBC5-0BE6-4241-93D2-C7BD513111C8} = {6B37DBC5-0BE6-4241-93D2-C7BD513111C8}
	EndProjectSection
EndProject
Global
	GlobalSection(SolutionConfigurationPlatforms) = preSolution
		Debug|x64 = Debug|x64
		Debug|x86 = Debug|x86
		Release|x64 = Release|x64
		Release|x86 = Release|x86
	EndGlobalSection
	GlobalSection(ProjectConfigurationPlatforms) = postSolution
		{A8FE461F-0EE5-4ED6-B073-C257FDAD2F1C}.Debug|x64.ActiveCfg = Debug|x64
		{A8FE461F-0EE5-4ED6-B073-C257FDAD2F1C}.Debug|x64.Build.0 = Debug|x64
		{A8FE461F-0EE5-4ED6-B073-C257FDAD2F1C}.Debug|x86.ActiveCfg = Debug|Win32
		{A8FE461F-0EE5-4ED6-B073-C257FDAD2F1C}.Debug|x86.Build.0 = Debug|Win32
		{A8FE461F-0EE5-4ED6-B073-C257FDAD2F1C}.Release|x64.ActiveCfg = Release|x64
		{A8FE461F-0EE5-4ED6-B073-C257FDAD2F1C}.Release|x64.Build.0 = Release|x64
		{A8FE461F-0EE5-4ED6-B073-C257FDAD2F1C}.Release|x86.ActiveCfg = Release|Win32
		{A8FE461F-0EE5-4ED6-B073-C257FDAD2F1C}.Release|x86.Build.0 = Release|Win32
		{97B4FE48-8FE4-4EF2-9A9C-9ACF292BEE2E}.Debug|x64.ActiveCfg = Debug|x64
		{97B4FE48-8FE4-4EF2-9A9C-9ACF292BEE2E}.Debug|x64.Build.0 = Debug|x64
		{97B4FE48-8FE4-4EF2-9A9C-9ACF292BEE2E}.Debug|x86.ActiveCfg = Debug|Win32
		{97B4FE48-8FE4-4EF2-9A9C-9ACF292BEE2E}.Debug|x86.Build.0 = Debug|Win32
		{97B4FE48-8FE4-4EF2-9A9C-9ACF292BEE2E}.Release|x64.ActiveCfg = Release|x64
		{97B4FE48-8FE4-4EF2-9A9C-9ACF292BEE2E}.Release|x64.Build.0 = Release|x64
		{97B4FE48-8FE4-4EF2-9A9C-9ACF292BEE2E}.Release|x86.ActiveCfg = Release|Win32
		{97B4FE48-8FE4-4EF2-9A9C-9ACF292BEE2E}.Release|x86.Build.0 = Release|Win32
		{C98EA523-DFD4-404F-9EAE-F1811795A560}.Debug|x64.ActiveCfg = Debug|x64
		{C98EA523-DFD4-404F-9EAE-F1811795A560}.Debug|x64.Build.0 = Debug|x64
		{C98EA523-DFD4-404F-9EAE-F1811795A560}.Debug|x86.ActiveCfg = Debug|Win32
		{C98EA523-DFD4-404F-9EAE-F1811795A560}.Debug|x86.Build.0 = Debug|Win32
		{C98EA523-DFD4-404F-9EAE-F1811795A560}.Release|x64.ActiveCfg = Release|x64
		{C98EA523-DFD4-404F-9EAE-F1811795A560}.Release|x64.Build.0 = Release|x64
		{C98EA523-DFD4-404F-9EAE-F1811795A560}.Release|x86.ActiveCfg = Release|Win32
		{C98EA523-DFD4-404F-9EAE-F1811795A560}.Release|x86.Build.0 = Release|Win32
		{6B37DBC5-0BE6-4241-93D2-C7BD513111C8}.Debug|x64.ActiveCfg = Debug|x64
		{6B37DBC5-0BE6-4241-93D2-C7BD513111C8}.Debug|x64.Build.0 = Debug|x64
		{6B37DBC5-0BE6-4241-93D2-C7BD513111C8}.Debug|x86.ActiveCfg = Debug|Win32
		{6B37DBC5-0BE6-4241-93D2-C7BD513111C8}.Debug|x86.Build.0 = Debug|Win32
		{6B37DBC5-0BE6-4241-93D2-C7BD513111C8}.Release|x64.ActiveCfg = Release|x64
		{6B37DBC5-0BE6-4241-93D2-C7BD513111C8}.Release|x64.Build.0 = Release|x64
		{6B37DBC5-0BE6-4241-93D2-C7BD513111C8}.Release|x86.ActiveCfg = Release|Win32
		{6B37DBC5-0BE6-4241-93D2-C7BD513111C8}.Release|x86.Build.0 = Release|Win32
		{8B796E81-9FA7-4633-B10E-483FF654308D}.Debug|x64.ActiveCfg = Debug|x64
		{8B796E81-9FA7-4633-B10E-483FF654308D}.Debug|x64.Build.0 = Debug|x64
		{8B796E81-9FA7-4633-B10E-483FF654308D}.Debug|x86.ActiveCfg = Debug|Win32
		{8B796E81-9FA7-4633-B10E-483FF654308D}.Debug|x86.Build.0 = Debug|Win32
		{8B796E81-9FA7-4633-B10E-483FF654308D}.Release|x64.ActiveCfg = Release|x64
		{8B796E81-9FA7-4633-B10E-483FF654308D}.Release|x64.Build.0 = Release|x64
		{8B796E81-9FA7-4633-B10E-483FF654308D}.Release|x86.ActiveCfg = Release|Win32
		{8B796E81-9FA7-4633-B10E-483FF654308D}.Release|x86.Build.0 = Release|Win32
		{5402D133-CFBC-40C6-BB7A-8B04756F6E54}.Debug|x64.ActiveCfg = Debug|x64
		{5402D133-CFBC-40C6-BB7A-8B04756F6E54}.Debug|x64.Build.0 = Debug|x64
		{5402D133-CFBC-40C6-BB7A-8B04756F6E54}.Debug|x86.ActiveCfg = Debug|Win32
		{5402D133-CFBC-40C6-BB7A-8B04756F6E54}.Debug|x86.Build.0 = Debug|Win32
		{5402D133-CFBC-40C6-BB7A-8B04756F6E54}.Release|x64.ActiveCfg = Release|x64
		{5402D133-CFBC-40C6-BB7A-8B04756F6E54}.Release|x64.Build.0 = Release|x64
		{5402D133-CFBC-40C6-BB7A-8B04756F6E54}.Release|x86.ActiveCfg = Release|Win32
		{5402D133-CFBC-40C6-BB7A-8B04756F6E54}.Release|x86.Build.0 = Release|Win32
		{543056D4-8C55-419F-A763-6311F25BFC06}.Debug|x64.ActiveCfg = Debug|x64
		{543056D4-8C55-419F-A763-6311F25BFC06}.Debug|x64.Build.0 = Debug|x64
		{543056D4-8C55-419F-A763-6311F25BFC06}.Debug|x86.ActiveCfg = Debug|Win32
		{543056D4-8C55-419F-A763-6311F25BFC06}.Debug|x86.Build.0 = Debug|Win32
		{543056D4-8C55-419F-A763-6311F25BFC06}.Release|x64.ActiveCfg = Release|x64
		{543056D4-8C55-419F-A763-6311F25BFC06}.Release|x64.Build.0 = Release|x64
		{543056D4-8C55-419F-A763-6311F25BFC06}.Release|x86.ActiveCfg = Release|Win32
		{543056D4-8C55-419F-A763-6311F25BFC06}.Release|x86.Build.0 = Release|Win32
		{F0694422-6156-4488-A94D-13DBEFD1FCF6}.Debug|x64.ActiveCfg = Debug|x64
		{F0694422-6156-4488-A94D-13DBEFD1FCF6}.Debug|x64.Build.0 = Debug|x64
		{F0694422-6156-4488-A94D-13DBEFD1FCF6}.Debug|x86.ActiveCfg = Debug|Win32
		{F0694422-6156-4488-A94D-13DBEFD1FCF6}.Debug|x86.Build.0 = Debug|Win32
		{F0694422-6156-4488-A94D-13DBEFD1FCF6}.Release|x64.ActiveCfg = Release|x64
		{F0694422-6156-4488-A94D-13DBEFD1FCF6}.Release|x64.Build.0 = Release|x64
		{F0694422-6156-4488-A94D-13DBEFD1FCF6}.Release|x86.ActiveCfg = Release|Win32
		{F0694422-6156-4488-A94D-13DBEFD1FCF6}.Release|x86.Build.0 = Release|Win32
		{6B6DA435-25B5-4202-9506-DA93774D9DCA}.Debug|x64.ActiveCfg = Debug|x64
		{6B6DA435-25B5-4202-9506-DA93774D9DCA}.Debug|x64.Build.0 = Debug|x64
		{6B6DA435-25B5-4202-9506-DA93774D9DCA}.Debug|x86.ActiveCfg = Debug|Win32
		{6B6DA435-25B5-4202-9506-DA93774D9DCA}.Debug|x86.Build.0 = Debug|Win32
		{6B6DA435-25B5-4202-9506-DA93774D9DCA}.Release|x64.ActiveCfg = Release|x64
		{6B6DA435-25B5-4202-9506-DA93774D9DCA}.Release|x64.Build.0 = Release|x64
		{6B6DA435-25B5-4202-9506-DA93774D9DCA}.Release|x86.ActiveCfg = Release|Win32
		{6B6DA435-25B5-4202-9506-DA93774D9DCA}.Release|x86.Build.0 = Release|Win32
	EndGlobalSection
	GlobalSection(SolutionProperties) = preSolution
		HideSolutionNode = FALSE
	EndGlobalSection
EndGlobal
