<?xml version="1.0" encoding="utf-8"?>
<Project ToolsVersion="4.0" xmlns="http://schemas.microsoft.com/developer/msbuild/2003">
  <ItemGroup>
    <Filter Include="源文件">
      <UniqueIdentifier>{4FC737F1-C7A5-4376-A066-2A32D752A2FF}</UniqueIdentifier>
      <Extensions>cpp;c;cc;cxx;def;odl;idl;hpj;bat;asm;asmx</Extensions>
    </Filter>
    <Filter Include="头文件">
      <UniqueIdentifier>{93995380-89BD-4b04-88EB-625FBE52EBFB}</UniqueIdentifier>
      <Extensions>h;hh;hpp;hxx;hm;inl;inc;xsd</Extensions>
    </Filter>
    <Filter Include="资源文件">
      <UniqueIdentifier>{67DA6AB6-F800-4c08-8B7A-83BB121AAD01}</UniqueIdentifier>
      <Extensions>rc;ico;cur;bmp;dlg;rc2;rct;bin;rgs;gif;jpg;jpeg;jpe;resx;tiff;tif;png;wav;mfcribbon-ms</Extensions>
    </Filter>
  </ItemGroup>
  <ItemGroup>
    <Text Include="ReadMe.txt" />
  </ItemGroup>
  <ItemGroup>
    <ClInclude Include="BlackBoxTest.h">
      <Filter>头文件</Filter>
    </ClInclude>
    <ClInclude Include="BlackBoxTestDlg.h">
      <Filter>头文件</Filter>
    </ClInclude>
    <ClInclude Include="stdafx.h">
      <Filter>头文件</Filter>
    </ClInclude>
    <ClInclude Include="targetver.h">
      <Filter>头文件</Filter>
    </ClInclude>
    <ClInclude Include="Resource.h">
      <Filter>头文件</Filter>
    </ClInclude>
    <ClInclude Include="AccountInputDlg.h">
      <Filter>头文件</Filter>
    </ClInclude>
    <ClInclude Include="PlayerInfoDlg.h">
      <Filter>头文件</Filter>
    </ClInclude>
    <ClInclude Include="CommonInputDlg.h">
      <Filter>头文件</Filter>
    </ClInclude>
    <ClInclude Include="Classes\RecordInfo.h">
      <Filter>头文件</Filter>
    </ClInclude>
    <ClInclude Include="Classes\SocketThread.h">
      <Filter>头文件</Filter>
    </ClInclude>
    <ClInclude Include="Classes\Tools.h">
      <Filter>头文件</Filter>
    </ClInclude>
    <ClInclude Include="Classes\TypeDefine.h">
      <Filter>头文件</Filter>
    </ClInclude>
    <ClInclude Include="ProtobufDynamic\CustomImporter.h">
      <Filter>头文件</Filter>
    </ClInclude>
    <ClInclude Include="ProtobufDynamic\CustomMultiFileErrorCollector.h">
      <Filter>头文件</Filter>
    </ClInclude>
    <ClInclude Include="ProtobufDynamic\CustomSourceTree.h">
      <Filter>头文件</Filter>
    </ClInclude>
    <ClInclude Include="Classes\Charset.h">
      <Filter>头文件</Filter>
    </ClInclude>
    <ClInclude Include="Classes\Local.h">
      <Filter>头文件</Filter>
    </ClInclude>
    <ClInclude Include="Classes\BSDTcpSocket.h">
      <Filter>头文件</Filter>
    </ClInclude>
    <ClInclude Include="Classes\HttpRequest.h">
      <Filter>头文件</Filter>
    </ClInclude>
    <ClInclude Include="Classes\WebMsgProtocol\WebMsgPackage.h">
      <Filter>头文件</Filter>
    </ClInclude>
    <ClInclude Include="Classes\WebMsgProtocol\WebMsgProtocol.h">
      <Filter>头文件</Filter>
    </ClInclude>
    <ClInclude Include="Classes\WebMsgProtocol\WebMsgBase.h">
      <Filter>头文件</Filter>
    </ClInclude>
    <ClInclude Include="Classes\Base64.h">
      <Filter>头文件</Filter>
    </ClInclude>
    <ClInclude Include="Classes\Data.h">
      <Filter>头文件</Filter>
    </ClInclude>
  </ItemGroup>
  <ItemGroup>
    <ClCompile Include="BlackBoxTest.cpp">
      <Filter>源文件</Filter>
    </ClCompile>
    <ClCompile Include="BlackBoxTestDlg.cpp">
      <Filter>源文件</Filter>
    </ClCompile>
    <ClCompile Include="stdafx.cpp">
      <Filter>源文件</Filter>
    </ClCompile>
    <ClCompile Include="AccountInputDlg.cpp">
      <Filter>源文件</Filter>
    </ClCompile>
    <ClCompile Include="PlayerInfoDlg.cpp">
      <Filter>源文件</Filter>
    </ClCompile>
    <ClCompile Include="CommonInputDlg.cpp">
      <Filter>源文件</Filter>
    </ClCompile>
    <ClCompile Include="Classes\RecordInfo.cpp">
      <Filter>源文件</Filter>
    </ClCompile>
    <ClCompile Include="Classes\SocketThread.cpp">
      <Filter>源文件</Filter>
    </ClCompile>
    <ClCompile Include="Classes\Tools.cpp">
      <Filter>源文件</Filter>
    </ClCompile>
    <ClCompile Include="Classes\TypeDefine.cpp">
      <Filter>源文件</Filter>
    </ClCompile>
    <ClCompile Include="ProtobufDynamic\CustomImporter.cpp">
      <Filter>源文件</Filter>
    </ClCompile>
    <ClCompile Include="ProtobufDynamic\CustomMultiFileErrorCollector.cpp">
      <Filter>源文件</Filter>
    </ClCompile>
    <ClCompile Include="ProtobufDynamic\CustomSourceTree.cpp">
      <Filter>源文件</Filter>
    </ClCompile>
    <ClCompile Include="Classes\Charset.cpp">
      <Filter>源文件</Filter>
    </ClCompile>
    <ClCompile Include="Classes\Local.cpp">
      <Filter>源文件</Filter>
    </ClCompile>
    <ClCompile Include="Classes\BSDTcpSocket.cpp">
      <Filter>源文件</Filter>
    </ClCompile>
    <ClCompile Include="Classes\HttpRequest.cpp">
      <Filter>源文件</Filter>
    </ClCompile>
    <ClCompile Include="Classes\WebMsgProtocol\WebMsgPackage.cpp">
      <Filter>源文件</Filter>
    </ClCompile>
    <ClCompile Include="Classes\WebMsgProtocol\WebMsgProtocol.cpp">
      <Filter>源文件</Filter>
    </ClCompile>
    <ClCompile Include="Classes\WebMsgProtocol\WebMsgBase.cpp">
      <Filter>源文件</Filter>
    </ClCompile>
    <ClCompile Include="Classes\Base64.cpp">
      <Filter>源文件</Filter>
    </ClCompile>
    <ClCompile Include="Classes\Data.cpp">
      <Filter>源文件</Filter>
    </ClCompile>
  </ItemGroup>
  <ItemGroup>
    <ResourceCompile Include="BlackBoxTest.rc">
      <Filter>资源文件</Filter>
    </ResourceCompile>
  </ItemGroup>
  <ItemGroup>
    <None Include="res\BlackBoxTest.rc2">
      <Filter>资源文件</Filter>
    </None>
  </ItemGroup>
  <ItemGroup>
    <Image Include="res\BlackBoxTest.ico">
      <Filter>资源文件</Filter>
    </Image>
  </ItemGroup>
</Project>