<?xml version="1.0" encoding="utf-8"?>
<Project ToolsVersion="4.0" xmlns="http://schemas.microsoft.com/developer/msbuild/2003">
  <ItemGroup>
    <Filter Include="源文件">
      <UniqueIdentifier>{4FC737F1-C7A5-4376-A066-2A32D752A2FF}</UniqueIdentifier>
      <Extensions>cpp;c;cc;cxx;def;odl;idl;hpj;bat;asm;asmx</Extensions>
    </Filter>
    <Filter Include="头文件">
      <UniqueIdentifier>{93995380-89BD-4b04-88EB-625FBE52EBFB}</UniqueIdentifier>
      <Extensions>h;hh;hpp;hxx;hm;inl;inc;xsd</Extensions>
    </Filter>
    <Filter Include="资源文件">
      <UniqueIdentifier>{67DA6AB6-F800-4c08-8B7A-83BB121AAD01}</UniqueIdentifier>
      <Extensions>rc;ico;cur;bmp;dlg;rc2;rct;bin;rgs;gif;jpg;jpeg;jpe;resx;tiff;tif;png;wav;mfcribbon-ms</Extensions>
    </Filter>
  </ItemGroup>
  <ItemGroup>
    <ClCompile Include="Message\Protocol\Common\CommonError.cpp">
      <Filter>源文件</Filter>
    </ClCompile>
    <ClCompile Include="Message\Protocol\Common\CommonProtocol.cpp">
      <Filter>源文件</Filter>
    </ClCompile>
    <ClCompile Include="Message\Protocol\Lobby\LobbyError.cpp">
      <Filter>源文件</Filter>
    </ClCompile>
    <ClCompile Include="Message\Protocol\Lobby\LobbyProtocol.cpp">
      <Filter>源文件</Filter>
    </ClCompile>
    <ClCompile Include="Message\Protocol\Logical\LogicalError.cpp">
      <Filter>源文件</Filter>
    </ClCompile>
    <ClCompile Include="Message\Protocol\Logical\LogicalProtocol.cpp">
      <Filter>源文件</Filter>
    </ClCompile>
    <ClCompile Include="Message\MsgBase.cpp">
      <Filter>源文件</Filter>
    </ClCompile>
    <ClCompile Include="Message\MsgPackage.cpp">
      <Filter>源文件</Filter>
    </ClCompile>
    <ClCompile Include="Message\MsgString.cpp">
      <Filter>源文件</Filter>
    </ClCompile>
    <ClCompile Include="Message\MsgLocal.cpp">
      <Filter>源文件</Filter>
    </ClCompile>
  </ItemGroup>
  <ItemGroup>
    <ClInclude Include="Message\Protocol\Common\CommonError.h">
      <Filter>头文件</Filter>
    </ClInclude>
    <ClInclude Include="Message\Protocol\Common\CommonProtocol.h">
      <Filter>头文件</Filter>
    </ClInclude>
    <ClInclude Include="Message\Protocol\Lobby\LobbyError.h">
      <Filter>头文件</Filter>
    </ClInclude>
    <ClInclude Include="Message\Protocol\Lobby\LobbyProtocol.h">
      <Filter>头文件</Filter>
    </ClInclude>
    <ClInclude Include="Message\Protocol\Logical\LogicalError.h">
      <Filter>头文件</Filter>
    </ClInclude>
    <ClInclude Include="Message\Protocol\Logical\LogicalProtocol.h">
      <Filter>头文件</Filter>
    </ClInclude>
    <ClInclude Include="Message\Message.h">
      <Filter>头文件</Filter>
    </ClInclude>
    <ClInclude Include="Message\MsgBase.h">
      <Filter>头文件</Filter>
    </ClInclude>
    <ClInclude Include="Message\MsgPackage.h">
      <Filter>头文件</Filter>
    </ClInclude>
    <ClInclude Include="Message\MsgString.h">
      <Filter>头文件</Filter>
    </ClInclude>
    <ClInclude Include="Message\Protocol\ProtocolTypeDef.h">
      <Filter>头文件</Filter>
    </ClInclude>
    <ClInclude Include="Message\MsgLocal.h">
      <Filter>头文件</Filter>
    </ClInclude>
  </ItemGroup>
</Project>